{
    "_readme": [
        "This file locks the dependencies of your project to a known state",
        "Read more about it at https://getcomposer.org/doc/01-basic-usage.md#composer-lock-the-lock-file",
        "This file is @generated automatically"
    ],
    "hash": "13277ac80e09871a5b612e91c38b0dec",
    "content-hash": "c9b5e17b7808f9cbfbb4cd087d5f77fb",
    "packages": [
        {
            "name": "symfony/options-resolver",
            "version": "v2.8.11",
            "source": {
                "type": "git",
                "url": "https://github.com/symfony/options-resolver.git",
                "reference": "b6f982782a0624d37b5416c2c96fb99ce5ab74d5"
            },
            "dist": {
                "type": "zip",
                "url": "https://api.github.com/repos/symfony/options-resolver/zipball/b6f982782a0624d37b5416c2c96fb99ce5ab74d5",
                "reference": "b6f982782a0624d37b5416c2c96fb99ce5ab74d5",
                "shasum": ""
            },
            "require": {
                "php": ">=5.3.9"
            },
            "type": "library",
            "extra": {
                "branch-alias": {
                    "dev-master": "2.8-dev"
                }
            },
            "autoload": {
                "psr-4": {
                    "Symfony\\Component\\OptionsResolver\\": ""
                },
                "exclude-from-classmap": [
                    "/Tests/"
                ]
            },
            "notification-url": "https://packagist.org/downloads/",
            "license": [
                "MIT"
            ],
            "authors": [
                {
                    "name": "Fabien Potencier",
                    "email": "fabien@symfony.com"
                },
                {
                    "name": "Symfony Community",
                    "homepage": "https://symfony.com/contributors"
                }
            ],
            "description": "Symfony OptionsResolver Component",
            "homepage": "https://symfony.com",
            "keywords": [
                "config",
                "configuration",
                "options"
            ],
            "time": "2016-06-29 05:29:29"
        },
        {
            "name": "wsdl2phpgenerator/wsdl2phpgenerator",
            "version": "3.3.1",
            "source": {
                "type": "git",
                "url": "https://github.com/wsdl2phpgenerator/wsdl2phpgenerator.git",
                "reference": "eb1396555e11cc2cda899514f439efae7dd498c1"
            },
            "dist": {
                "type": "zip",
                "url": "https://api.github.com/repos/wsdl2phpgenerator/wsdl2phpgenerator/zipball/eb1396555e11cc2cda899514f439efae7dd498c1",
                "reference": "eb1396555e11cc2cda899514f439efae7dd498c1",
                "shasum": ""
            },
            "require": {
                "ext-soap": "*",
                "php": ">=5.3.0",
                "symfony/options-resolver": "~2.6"
            },
            "require-dev": {
                "kasperg/phing-github": "0.2.*",
                "phing/phing": "~2.7",
                "php-vcr/php-vcr": "~1.2",
                "php-vcr/phpunit-testlistener-vcr": "~1.1.2",
                "phpunit/phpunit": "~4.4",
                "psr/log": "~1.0",
                "symfony/yaml": "~2.1"
            },
            "type": "library",
            "autoload": {
                "psr-4": {
                    "Wsdl2PhpGenerator\\": [
                        "src/",
                        "lib/"
                    ]
                }
            },
            "notification-url": "https://packagist.org/downloads/",
            "license": [
                "MIT"
            ],
            "description": "Simple class library for generating php classes from a wsdl file.",
            "keywords": [
                "soap",
                "wsdl"
            ],
            "time": "2016-01-13 13:00:24"
        }
    ],
    "packages-dev": [],
    "aliases": [],
    "minimum-stability": "stable",
    "stability-flags": [],
    "prefer-stable": false,
    "prefer-lowest": false,
    "platform": [],
    "platform-dev": []
}
